// !$*UTF8*$!
{
	archiveVersion = 1;
	classes = {
	};
	objectVersion = 46;
	objects = {

/* Begin PBXBuildFile section */
		882F7E8B1D5089030017F920 /* AppDelegate.swift in Sources */ = {isa = PBXBuildFile; fileRef = 882F7E8A1D5089030017F920 /* AppDelegate.swift */; };
		882F7E8D1D5089030017F920 /* ViewController.swift in Sources */ = {isa = PBXBuildFile; fileRef = 882F7E8C1D5089030017F920 /* ViewController.swift */; };
		882F7E901D5089030017F920 /* Main.storyboard in Resources */ = {isa = PBXBuildFile; fileRef = 882F7E8E1D5089030017F920 /* Main.storyboard */; };
		882F7E921D5089030017F920 /* Assets.xcassets in Resources */ = {isa = PBXBuildFile; fileRef = 882F7E911D5089030017F920 /* Assets.xcassets */; };
		882F7E951D5089030017F920 /* LaunchScreen.storyboard in Resources */ = {isa = PBXBuildFile; fileRef = 882F7E931D5089030017F920 /* LaunchScreen.storyboard */; };
		882F7EA01D5089030017F920 /* JMEditorTests.swift in Sources */ = {isa = PBXBuildFile; fileRef = 882F7E9F1D5089030017F920 /* JMEditorTests.swift */; };
		882F7EAB1D5089030017F920 /* JMEditorUITests.swift in Sources */ = {isa = PBXBuildFile; fileRef = 882F7EAA1D5089030017F920 /* JMEditorUITests.swift */; };
/* End PBXBuildFile section */

/* Begin PBXContainerItemProxy section */
		882F7E9C1D5089030017F920 /* PBXContainerItemProxy */ = {
			isa = PBXContainerItemProxy;
			containerPortal = 882F7E7F1D5089030017F920 /* Project object */;
			proxyType = 1;
			remoteGlobalIDString = 882F7E861D5089030017F920;
			remoteInfo = JMEditor;
		};
		882F7EA71D5089030017F920 /* PBXContainerItemProxy */ = {
			isa = PBXContainerItemProxy;
			containerPortal = 882F7E7F1D5089030017F920 /* Project object */;
			proxyType = 1;
			remoteGlobalIDString = 882F7E861D5089030017F920;
			remoteInfo = JMEditor;
		};
/* End PBXContainerItemProxy section */

/* Begin PBXFileReference section */
		882F7E871D5089030017F920 /* JMEditor.app */ = {isa = PBXFileReference; explicitFileType = wrapper.application; includeInIndex = 0; path = JMEditor.app; sourceTree = BUILT_PRODUCTS_DIR; };
		882F7E8A1D5089030017F920 /* AppDelegate.swift */ = {isa = PBXFileReference; lastKnownFileType = sourcecode.swift; path = AppDelegate.swift; sourceTree = "<group>"; };
		882F7E8C1D5089030017F920 /* ViewController.swift */ = {isa = PBXFileReference; lastKnownFileType = sourcecode.swift; path = ViewController.swift; sourceTree = "<group>"; };
		882F7E8F1D5089030017F920 /* Base */ = {isa = PBXFileReference; lastKnownFileType = file.storyboard; name = Base; path = Base.lproj/Main.storyboard; sourceTree = "<group>"; };
		882F7E911D5089030017F920 /* Assets.xcassets */ = {isa = PBXFileReference; lastKnownFileType = folder.assetcatalog; path = Assets.xcassets; sourceTree = "<group>"; };
		882F7E941D5089030017F920 /* Base */ = {isa = PBXFileReference; lastKnownFileType = file.storyboard; name = Base; path = Base.lproj/LaunchScreen.storyboard; sourceTree = "<group>"; };
		882F7E961D5089030017F920 /* Info.plist */ = {isa = PBXFileReference; lastKnownFileType = text.plist.xml; path = Info.plist; sourceTree = "<group>"; };
		882F7E9B1D5089030017F920 /* JMEditorTests.xctest */ = {isa = PBXFileReference; explicitFileType = wrapper.cfbundle; includeInIndex = 0; path = JMEditorTests.xctest; sourceTree = BUILT_PRODUCTS_DIR; };
		882F7E9F1D5089030017F920 /* JMEditorTests.swift */ = {isa = PBXFileReference; lastKnownFileType = sourcecode.swift; path = JMEditorTests.swift; sourceTree = "<group>"; };
		882F7EA11D5089030017F920 /* Info.plist */ = {isa = PBXFileReference; lastKnownFileType = text.plist.xml; path = Info.plist; sourceTree = "<group>"; };
		882F7EA61D5089030017F920 /* JMEditorUITests.xctest */ = {isa = PBXFileReference; explicitFileType = wrapper.cfbundle; includeInIndex = 0; path = JMEditorUITests.xctest; sourceTree = BUILT_PRODUCTS_DIR; };
		882F7EAA1D5089030017F920 /* JMEditorUITests.swift */ = {isa = PBXFileReference; lastKnownFileType = sourcecode.swift; path = JMEditorUITests.swift; sourceTree = "<group>"; };
		882F7EAC1D5089030017F920 /* Info.plist */ = {isa = PBXFileReference; lastKnownFileType = text.plist.xml; path = Info.plist; sourceTree = "<group>"; };
/* End PBXFileReference section */

/* Begin PBXFrameworksBuildPhase section */
		882F7E841D5089030017F920 /* Frameworks */ = {
			isa = PBXFrameworksBuildPhase;
			buildActionMask = 2147483647;
			files = (
			);
			runOnlyForDeploymentPostprocessing = 0;
		};
		882F7E981D5089030017F920 /* Frameworks */ = {
			isa = PBXFrameworksBuildPhase;
			buildActionMask = 2147483647;
			files = (
			);
			runOnlyForDeploymentPostprocessing = 0;
		};
		882F7EA31D5089030017F920 /* Frameworks */ = {
			isa = PBXFrameworksBuildPhase;
			buildActionMask = 2147483647;
			files = (
			);
			runOnlyForDeploymentPostprocessing = 0;
		};
/* End PBXFrameworksBuildPhase section */

/* Begin PBXGroup section */
		882F7E7E1D5089030017F920 = {
			isa = PBXGroup;
			children = (
				882F7E891D5089030017F920 /* JMEditor */,
				882F7E9E1D5089030017F920 /* JMEditorTests */,
				882F7EA91D5089030017F920 /* JMEditorUITests */,
				882F7E881D5089030017F920 /* Products */,
			);
			sourceTree = "<group>";
		};
		882F7E881D5089030017F920 /* Products */ = {
			isa = PBXGroup;
			children = (
				882F7E871D5089030017F920 /* JMEditor.app */,
				882F7E9B1D5089030017F920 /* JMEditorTests.xctest */,
				882F7EA61D5089030017F920 /* JMEditorUITests.xctest */,
			);
			name = Products;
			sourceTree = "<group>";
		};
		882F7E891D5089030017F920 /* JMEditor */ = {
			isa = PBXGroup;
			children = (
				882F7E8A1D5089030017F920 /* AppDelegate.swift */,
				882F7E8C1D5089030017F920 /* ViewController.swift */,
				882F7E8E1D5089030017F920 /* Main.storyboard */,
				882F7E911D5089030017F920 /* Assets.xcassets */,
				882F7E931D5089030017F920 /* LaunchScreen.storyboard */,
				882F7E961D5089030017F920 /* Info.plist */,
			);
			path = JMEditor;
			sourceTree = "<group>";
		};
		882F7E9E1D5089030017F920 /* JMEditorTests */ = {
			isa = PBXGroup;
			children = (
				882F7E9F1D5089030017F920 /* JMEditorTests.swift */,
				882F7EA11D5089030017F920 /* Info.plist */,
			);
			path = JMEditorTests;
			sourceTree = "<group>";
		};
		882F7EA91D5089030017F920 /* JMEditorUITests */ = {
			isa = PBXGroup;
			children = (
				882F7EAA1D5089030017F920 /* JMEditorUITests.swift */,
				882F7EAC1D5089030017F920 /* Info.plist */,
			);
			path = JMEditorUITests;
			sourceTree = "<group>";
		};
/* End PBXGroup section */

/* Begin PBXNativeTarget section */
		882F7E861D5089030017F920 /* JMEditor */ = {
			isa = PBXNativeTarget;
			buildConfigurationList = 882F7EAF1D5089030017F920 /* Build configuration list for PBXNativeTarget "JMEditor" */;
			buildPhases = (
				882F7E831D5089030017F920 /* Sources */,
				882F7E841D5089030017F920 /* Frameworks */,
				882F7E851D5089030017F920 /* Resources */,
			);
			buildRules = (
			);
			dependencies = (
			);
			name = JMEditor;
			productName = JMEditor;
			productReference = 882F7E871D5089030017F920 /* JMEditor.app */;
			productType = "com.apple.product-type.application";
		};
		882F7E9A1D5089030017F920 /* JMEditorTests */ = {
			isa = PBXNativeTarget;
			buildConfigurationList = 882F7EB21D5089030017F920 /* Build configuration list for PBXNativeTarget "JMEditorTests" */;
			buildPhases = (
				882F7E971D5089030017F920 /* Sources */,
				882F7E981D5089030017F920 /* Frameworks */,
				882F7E991D5089030017F920 /* Resources */,
			);
			buildRules = (
			);
			dependencies = (
				882F7E9D1D5089030017F920 /* PBXTargetDependency */,
			);
			name = JMEditorTests;
			productName = JMEditorTests;
			productReference = 882F7E9B1D5089030017F920 /* JMEditorTests.xctest */;
			productType = "com.apple.product-type.bundle.unit-test";
		};
		882F7EA51D5089030017F920 /* JMEditorUITests */ = {
			isa = PBXNativeTarget;
			buildConfigurationList = 882F7EB51D5089030017F920 /* Build configuration list for PBXNativeTarget "JMEditorUITests" */;
			buildPhases = (
				882F7EA21D5089030017F920 /* Sources */,
				882F7EA31D5089030017F920 /* Frameworks */,
				882F7EA41D5089030017F920 /* Resources */,
			);
			buildRules = (
			);
			dependencies = (
				882F7EA81D5089030017F920 /* PBXTargetDependency */,
			);
			name = JMEditorUITests;
			productName = JMEditorUITests;
			productReference = 882F7EA61D5089030017F920 /* JMEditorUITests.xctest */;
			productType = "com.apple.product-type.bundle.ui-testing";
		};
/* End PBXNativeTarget section */

/* Begin PBXProject section */
		882F7E7F1D5089030017F920 /* Project object */ = {
			isa = PBXProject;
			attributes = {
				LastSwiftUpdateCheck = 0730;
				LastUpgradeCheck = 0730;
				ORGANIZATIONNAME = eric;
				TargetAttributes = {
					882F7E861D5089030017F920 = {
						CreatedOnToolsVersion = 7.3.1;
					};
					882F7E9A1D5089030017F920 = {
						CreatedOnToolsVersion = 7.3.1;
						TestTargetID = 882F7E861D5089030017F920;
					};
					882F7EA51D5089030017F920 = {
						CreatedOnToolsVersion = 7.3.1;
						TestTargetID = 882F7E861D5089030017F920;
					};
				};
			};
			buildConfigurationList = 882F7E821D5089030017F920 /* Build configuration list for PBXProject "JMEditor" */;
			compatibilityVersion = "Xcode 3.2";
			developmentRegion = English;
			hasScannedForEncodings = 0;
			knownRegions = (
				en,
				Base,
			);
			mainGroup = 882F7E7E1D5089030017F920;
			productRefGroup = 882F7E881D5089030017F920 /* Products */;
			projectDirPath = "";
			projectRoot = "";
			targets = (
				882F7E861D5089030017F920 /* JMEditor */,
				882F7E9A1D5089030017F920 /* JMEditorTests */,
				882F7EA51D5089030017F920 /* JMEditorUITests */,
			);
		};
/* End PBXProject section */

/* Begin PBXResourcesBuildPhase section */
		882F7E851D5089030017F920 /* Resources */ = {
			isa = PBXResourcesBuildPhase;
			buildActionMask = 2147483647;
			files = (
				882F7E951D5089030017F920 /* LaunchScreen.storyboard in Resources */,
				882F7E921D5089030017F920 /* Assets.xcassets in Resources */,
				882F7E901D5089030017F920 /* Main.storyboard in Resources */,
			);
			runOnlyForDeploymentPostprocessing = 0;
		};
		882F7E991D5089030017F920 /* Resources */ = {
			isa = PBXResourcesBuildPhase;
			buildActionMask = 2147483647;
			files = (
			);
			runOnlyForDeploymentPostprocessing = 0;
		};
		882F7EA41D5089030017F920 /* Resources */ = {
			isa = PBXResourcesBuildPhase;
			buildActionMask = 2147483647;
			files = (
			);
			runOnlyForDeploymentPostprocessing = 0;
		};
/* End PBXResourcesBuildPhase section */

/* Begin PBXSourcesBuildPhase section */
		882F7E831D5089030017F920 /* Sources */ = {
			isa = PBXSourcesBuildPhase;
			buildActionMask = 2147483647;
			files = (
				882F7E8D1D5089030017F920 /* ViewController.swift in Sources */,
				882F7E8B1D5089030017F920 /* AppDelegate.swift in Sources */,
			);
			runOnlyForDeploymentPostprocessing = 0;
		};
		882F7E971D5089030017F920 /* Sources */ = {
			isa = PBXSourcesBuildPhase;
			buildActionMask = 2147483647;
			files = (
				882F7EA01D5089030017F920 /* JMEditorTests.swift in Sources */,
			);
			runOnlyForDeploymentPostprocessing = 0;
		};
		882F7EA21D5089030017F920 /* Sources */ = {
			isa = PBXSourcesBuildPhase;
			buildActionMask = 2147483647;
			files = (
				882F7EAB1D5089030017F920 /* JMEditorUITests.swift in Sources */,
			);
			runOnlyForDeploymentPostprocessing = 0;
		};
/* End PBXSourcesBuildPhase section */

/* Begin PBXTargetDependency section */
		882F7E9D1D5089030017F920 /* PBXTargetDependency */ = {
			isa = PBXTargetDependency;
			target = 882F7E861D5089030017F920 /* JMEditor */;
			targetProxy = 882F7E9C1D5089030017F920 /* PBXContainerItemProxy */;
		};
		882F7EA81D5089030017F920 /* PBXTargetDependency */ = {
			isa = PBXTargetDependency;
			target = 882F7E861D5089030017F920 /* JMEditor */;
			targetProxy = 882F7EA71D5089030017F920 /* PBXContainerItemProxy */;
		};
/* End PBXTargetDependency section */

/* Begin PBXVariantGroup section */
		882F7E8E1D5089030017F920 /* Main.storyboard */ = {
			isa = PBXVariantGroup;
			children = (
				882F7E8F1D5089030017F920 /* Base */,
			);
			name = Main.storyboard;
			sourceTree = "<group>";
		};
		882F7E931D5089030017F920 /* LaunchScreen.storyboard */ = {
			isa = PBXVariantGroup;
			children = (
				882F7E941D5089030017F920 /* Base */,
			);
			name = LaunchScreen.storyboard;
			sourceTree = "<group>";
		};
/* End PBXVariantGroup section */

/* Begin XCBuildConfiguration section */
		882F7EAD1D5089030017F920 /* Debug */ = {
			isa = XCBuildConfiguration;
			buildSettings = {
				ALWAYS_SEARCH_USER_PATHS = NO;
				CLANG_ANALYZER_NONNULL = YES;
				CLANG_CXX_LANGUAGE_STANDARD = "gnu++0x";
				CLANG_CXX_LIBRARY = "libc++";
				CLANG_ENABLE_MODULES = YES;
				CLANG_ENABLE_OBJC_ARC = YES;
				CLANG_WARN_BOOL_CONVERSION = YES;
				CLANG_WARN_CONSTANT_CONVERSION = YES;
				CLANG_WARN_DIRECT_OBJC_ISA_USAGE = YES_ERROR;
				CLANG_WARN_EMPTY_BODY = YES;
				CLANG_WARN_ENUM_CONVERSION = YES;
				CLANG_WARN_INT_CONVERSION = YES;
				CLANG_WARN_OBJC_ROOT_CLASS = YES_ERROR;
				CLANG_WARN_UNREACHABLE_CODE = YES;
				CLANG_WARN__DUPLICATE_METHOD_MATCH = YES;
				"CODE_SIGN_IDENTITY[sdk=iphoneos*]" = "iPhone Developer";
				COPY_PHASE_STRIP = NO;
				DEBUG_INFORMATION_FORMAT = dwarf;
				ENABLE_STRICT_OBJC_MSGSEND = YES;
				ENABLE_TESTABILITY = YES;
				GCC_C_LANGUAGE_STANDARD = gnu99;
				GCC_DYNAMIC_NO_PIC = NO;
				GCC_NO_COMMON_BLOCKS = YES;
				GCC_OPTIMIZATION_LEVEL = 0;
				GCC_PREPROCESSOR_DEFINITIONS = (
					"DEBUG=1",
					"$(inherited)",
				);
				GCC_WARN_64_TO_32_BIT_CONVERSION = YES;
				GCC_WARN_ABOUT_RETURN_TYPE = YES_ERROR;
				GCC_WARN_UNDECLARED_SELECTOR = YES;
				GCC_WARN_UNINITIALIZED_AUTOS = YES_AGGRESSIVE;
				GCC_WARN_UNUSED_FUNCTION = YES;
				GCC_WARN_UNUSED_VARIABLE = YES;
				IPHONEOS_DEPLOYMENT_TARGET = 9.3;
				MTL_ENABLE_DEBUG_INFO = YES;
				ONLY_ACTIVE_ARCH = YES;
				SDKROOT = iphoneos;
				SWIFT_OPTIMIZATION_LEVEL = "-Onone";
			};
			name = Debug;
		};
		882F7EAE1D5089030017F920 /* Release */ = {
			isa = XCBuildConfiguration;
			buildSettings = {
				ALWAYS_SEARCH_USER_PATHS = NO;
				CLANG_ANALYZER_NONNULL = YES;
				CLANG_CXX_LANGUAGE_STANDARD = "gnu++0x";
				CLANG_CXX_LIBRARY = "libc++";
				CLANG_ENABLE_MODULES = YES;
				CLANG_ENABLE_OBJC_ARC = YES;
				CLANG_WARN_BOOL_CONVERSION = YES;
				CLANG_WARN_CONSTANT_CONVERSION = YES;
				CLANG_WARN_DIRECT_OBJC_ISA_USAGE = YES_ERROR;
				CLANG_WARN_EMPTY_BODY = YES;
				CLANG_WARN_ENUM_CONVERSION = YES;
				CLANG_WARN_INT_CONVERSION = YES;
				CLANG_WARN_OBJC_ROOT_CLASS = YES_ERROR;
				CLANG_WARN_UNREACHABLE_CODE = YES;
				CLANG_WARN__DUPLICATE_METHOD_MATCH = YES;
				"CODE_SIGN_IDENTITY[sdk=iphoneos*]" = "iPhone Developer";
				COPY_PHASE_STRIP = NO;
				DEBUG_INFORMATION_FORMAT = "dwarf-with-dsym";
				ENABLE_NS_ASSERTIONS = NO;
				ENABLE_STRICT_OBJC_MSGSEND = YES;
				GCC_C_LANGUAGE_STANDARD = gnu99;
				GCC_NO_COMMON_BLOCKS = YES;
				GCC_WARN_64_TO_32_BIT_CONVERSION = YES;
				GCC_WARN_ABOUT_RETURN_TYPE = YES_ERROR;
				GCC_WARN_UNDECLARED_SELECTOR = YES;
				GCC_WARN_UNINITIALIZED_AUTOS = YES_AGGRESSIVE;
				GCC_WARN_UNUSED_FUNCTION = YES;
				GCC_WARN_UNUSED_VARIABLE = YES;
				IPHONEOS_DEPLOYMENT_TARGET = 9.3;
				MTL_ENABLE_DEBUG_INFO = NO;
				SDKROOT = iphoneos;
				VALIDATE_PRODUCT = YES;
			};
			name = Release;
		};
		882F7EB01D5089030017F920 /* Debug */ = {
			isa = XCBuildConfiguration;
			buildSettings = {
				ASSETCATALOG_COMPILER_APPICON_NAME = AppIcon;
				INFOPLIST_FILE = JMEditor/Info.plist;
				LD_RUNPATH_SEARCH_PATHS = "$(inherited) @executable_path/Frameworks";
				PRODUCT_BUNDLE_IDENTIFIER = BlingCompany.JMEditor;
				PRODUCT_NAME = "$(TARGET_NAME)";
			};
			name = Debug;
		};
		882F7EB11D5089030017F920 /* Release */ = {
			isa = XCBuildConfiguration;
			buildSettings = {
				ASSETCATALOG_COMPILER_APPICON_NAME = AppIcon;
				INFOPLIST_FILE = JMEditor/Info.plist;
				LD_RUNPATH_SEARCH_PATHS = "$(inherited) @executable_path/Frameworks";
				PRODUCT_BUNDLE_IDENTIFIER = BlingCompany.JMEditor;
				PRODUCT_NAME = "$(TARGET_NAME)";
			};
			name = Release;
		};
		882F7EB31D5089030017F920 /* Debug */ = {
			isa = XCBuildConfiguration;
			buildSettings = {
				BUNDLE_LOADER = "$(TEST_HOST)";
				INFOPLIST_FILE = JMEditorTests/Info.plist;
				LD_RUNPATH_SEARCH_PATHS = "$(inherited) @executable_path/Frameworks @loader_path/Frameworks";
				PRODUCT_BUNDLE_IDENTIFIER = BlingCompany.JMEditorTests;
				PRODUCT_NAME = "$(TARGET_NAME)";
				TEST_HOST = "$(BUILT_PRODUCTS_DIR)/JMEditor.app/JMEditor";
			};
			name = Debug;
		};
		882F7EB41D5089030017F920 /* Release */ = {
			isa = XCBuildConfiguration;
			buildSettings = {
				BUNDLE_LOADER = "$(TEST_HOST)";
				INFOPLIST_FILE = JMEditorTests/Info.plist;
				LD_RUNPATH_SEARCH_PATHS = "$(inherited) @executable_path/Frameworks @loader_path/Frameworks";
				PRODUCT_BUNDLE_IDENTIFIER = BlingCompany.JMEditorTests;
				PRODUCT_NAME = "$(TARGET_NAME)";
				TEST_HOST = "$(BUILT_PRODUCTS_DIR)/JMEditor.app/JMEditor";
			};
			name = Release;
		};
		882F7EB61D5089030017F920 /* Debug */ = {
			isa = XCBuildConfiguration;
			buildSettings = {
				INFOPLIST_FILE = JMEditorUITests/Info.plist;
				LD_RUNPATH_SEARCH_PATHS = "$(inherited) @executable_path/Frameworks @loader_path/Frameworks";
				PRODUCT_BUNDLE_IDENTIFIER = BlingCompany.JMEditorUITests;
				PRODUCT_NAME = "$(TARGET_NAME)";
				TEST_TARGET_NAME = JMEditor;
			};
			name = Debug;
		};
		882F7EB71D5089030017F920 /* Release */ = {
			isa = XCBuildConfiguration;
			buildSettings = {
				INFOPLIST_FILE = JMEditorUITests/Info.plist;
				LD_RUNPATH_SEARCH_PATHS = "$(inherited) @executable_path/Frameworks @loader_path/Frameworks";
				PRODUCT_BUNDLE_IDENTIFIER = BlingCompany.JMEditorUITests;
				PRODUCT_NAME = "$(TARGET_NAME)";
				TEST_TARGET_NAME = JMEditor;
			};
			name = Release;
		};
/* End XCBuildConfiguration section */

/* Begin XCConfigurationList section */
		882F7E821D5089030017F920 /* Build configuration list for PBXProject "JMEditor" */ = {
			isa = XCConfigurationList;
			buildConfigurations = (
				882F7EAD1D5089030017F920 /* Debug */,
				882F7EAE1D5089030017F920 /* Release */,
			);
			defaultConfigurationIsVisible = 0;
			defaultConfigurationName = Release;
		};
		882F7EAF1D5089030017F920 /* Build configuration list for PBXNativeTarget "JMEditor" */ = {
			isa = XCConfigurationList;
			buildConfigurations = (
				882F7EB01D5089030017F920 /* Debug */,
				882F7EB11D5089030017F920 /* Release */,
			);
			defaultConfigurationIsVisible = 0;
		};
		882F7EB21D5089030017F920 /* Build configuration list for PBXNativeTarget "JMEditorTests" */ = {
			isa = XCConfigurationList;
			buildConfigurations = (
				882F7EB31D5089030017F920 /* Debug */,
				882F7EB41D5089030017F920 /* Release */,
			);
			defaultConfigurationIsVisible = 0;
		};
		882F7EB51D5089030017F920 /* Build configuration list for PBXNativeTarget "JMEditorUITests" */ = {
			isa = XCConfigurationList;
			buildConfigurations = (
				882F7EB61D5089030017F920 /* Debug */,
				882F7EB71D5089030017F920 /* Release */,
			);
			defaultConfigurationIsVisible = 0;
		};
/* End XCConfigurationList section */
	};
	rootObject = 882F7E7F1D5089030017F920 /* Project object */;
}
